// !$*UTF8*$!
{
	archiveVersion = 1;
	classes = {
	};
	objectVersion = 56;
	objects = {

/* Begin PBXBuildFile section */
		A09391032C203B3A009DF760 /* AppDelegate.swift in Sources */ = {isa = PBXBuildFile; fileRef = A09391022C203B3A009DF760 /* AppDelegate.swift */; };
		A09391052C203B3A009DF760 /* ContentView.swift in Sources */ = {isa = PBXBuildFile; fileRef = A09391042C203B3A009DF760 /* ContentView.swift */; };
		A09391072C203B3B009DF760 /* Assets.xcassets in Resources */ = {isa = PBXBuildFile; fileRef = A09391062C203B3B009DF760 /* Assets.xcassets */; };
		A093910A2C203B3B009DF760 /* Preview Assets.xcassets in Resources */ = {isa = PBXBuildFile; fileRef = A09391092C203B3B009DF760 /* Preview Assets.xcassets */; };
		A09391122C203CD8009DF760 /* ArView.swift in Sources */ = {isa = PBXBuildFile; fileRef = A09391112C203CD8009DF760 /* ArView.swift */; };
		A09391172C203DEC009DF760 /* ArViewModel.swift in Sources */ = {isa = PBXBuildFile; fileRef = A09391162C203DEC009DF760 /* ArViewModel.swift */; };
		A093911A2C2C1711009DF760 /* Plant.swift in Sources */ = {isa = PBXBuildFile; fileRef = A09391192C2C1711009DF760 /* Plant.swift */; };
		A093911C2C2C173A009DF760 /* Sunflower.swift in Sources */ = {isa = PBXBuildFile; fileRef = A093911B2C2C173A009DF760 /* Sunflower.swift */; };
		A093911E2C2C186E009DF760 /* Walnut.swift in Sources */ = {isa = PBXBuildFile; fileRef = A093911D2C2C186E009DF760 /* Walnut.swift */; };
		A09391202C2C18A2009DF760 /* BasicPlant.swift in Sources */ = {isa = PBXBuildFile; fileRef = A093911F2C2C18A2009DF760 /* BasicPlant.swift */; };
		A099B8392C2EA51500452FD7 /* BasePlantCM.usdz in Resources */ = {isa = PBXBuildFile; fileRef = A099B8382C2EA51500452FD7 /* BasePlantCM.usdz */; };
		A099B83B2C2EA84400452FD7 /* BasePlant.usdz in Resources */ = {isa = PBXBuildFile; fileRef = A099B83A2C2EA84400452FD7 /* BasePlant.usdz */; };
		A099B83D2C2ED44500452FD7 /* Sunflower.usdz in Resources */ = {isa = PBXBuildFile; fileRef = A099B83C2C2ED44500452FD7 /* Sunflower.usdz */; };
		A099B8422C2EF14200452FD7 /* Zombie.swift in Sources */ = {isa = PBXBuildFile; fileRef = A099B8412C2EF14200452FD7 /* Zombie.swift */; };
		A099B8442C2EF21000452FD7 /* BucketHeadZombie.swift in Sources */ = {isa = PBXBuildFile; fileRef = A099B8432C2EF21000452FD7 /* BucketHeadZombie.swift */; };
		A099B8482C2EF54500452FD7 /* ZombieBucketHead.usdz in Resources */ = {isa = PBXBuildFile; fileRef = A099B8472C2EF54500452FD7 /* ZombieBucketHead.usdz */; };
		A099B84A2C3C53D700452FD7 /* ModelLoader.swift in Sources */ = {isa = PBXBuildFile; fileRef = A099B8492C3C53D700452FD7 /* ModelLoader.swift */; };
		A099B84C2C3C592400452FD7 /* PlantButton.swift in Sources */ = {isa = PBXBuildFile; fileRef = A099B84B2C3C592400452FD7 /* PlantButton.swift */; };
		A099B84E2C3D1B0D00452FD7 /* Walnut.usdz in Resources */ = {isa = PBXBuildFile; fileRef = A099B84D2C3D1B0D00452FD7 /* Walnut.usdz */; };
		A099B8522C3D246000452FD7 /* LevelView.swift in Sources */ = {isa = PBXBuildFile; fileRef = A099B8512C3D246000452FD7 /* LevelView.swift */; };
/* End PBXBuildFile section */

/* Begin PBXFileReference section */
		A09390FF2C203B3A009DF760 /* ArPlantsFight.app */ = {isa = PBXFileReference; explicitFileType = wrapper.application; includeInIndex = 0; path = ArPlantsFight.app; sourceTree = BUILT_PRODUCTS_DIR; };
		A09391022C203B3A009DF760 /* AppDelegate.swift */ = {isa = PBXFileReference; lastKnownFileType = sourcecode.swift; path = AppDelegate.swift; sourceTree = "<group>"; };
		A09391042C203B3A009DF760 /* ContentView.swift */ = {isa = PBXFileReference; lastKnownFileType = sourcecode.swift; path = ContentView.swift; sourceTree = "<group>"; };
		A09391062C203B3B009DF760 /* Assets.xcassets */ = {isa = PBXFileReference; lastKnownFileType = folder.assetcatalog; path = Assets.xcassets; sourceTree = "<group>"; };
		A09391092C203B3B009DF760 /* Preview Assets.xcassets */ = {isa = PBXFileReference; lastKnownFileType = folder.assetcatalog; path = "Preview Assets.xcassets"; sourceTree = "<group>"; };
		A09391112C203CD8009DF760 /* ArView.swift */ = {isa = PBXFileReference; lastKnownFileType = sourcecode.swift; path = ArView.swift; sourceTree = "<group>"; };
		A09391162C203DEC009DF760 /* ArViewModel.swift */ = {isa = PBXFileReference; lastKnownFileType = sourcecode.swift; path = ArViewModel.swift; sourceTree = "<group>"; };
		A09391192C2C1711009DF760 /* Plant.swift */ = {isa = PBXFileReference; lastKnownFileType = sourcecode.swift; path = Plant.swift; sourceTree = "<group>"; };
		A093911B2C2C173A009DF760 /* Sunflower.swift */ = {isa = PBXFileReference; lastKnownFileType = sourcecode.swift; path = Sunflower.swift; sourceTree = "<group>"; };
		A093911D2C2C186E009DF760 /* Walnut.swift */ = {isa = PBXFileReference; lastKnownFileType = sourcecode.swift; path = Walnut.swift; sourceTree = "<group>"; };
		A093911F2C2C18A2009DF760 /* BasicPlant.swift */ = {isa = PBXFileReference; lastKnownFileType = sourcecode.swift; path = BasicPlant.swift; sourceTree = "<group>"; };
		A099B8382C2EA51500452FD7 /* BasePlantCM.usdz */ = {isa = PBXFileReference; lastKnownFileType = file.usdz; path = BasePlantCM.usdz; sourceTree = "<group>"; };
		A099B83A2C2EA84400452FD7 /* BasePlant.usdz */ = {isa = PBXFileReference; lastKnownFileType = file.usdz; path = BasePlant.usdz; sourceTree = "<group>"; };
		A099B83C2C2ED44500452FD7 /* Sunflower.usdz */ = {isa = PBXFileReference; lastKnownFileType = file.usdz; path = Sunflower.usdz; sourceTree = "<group>"; };
		A099B8412C2EF14200452FD7 /* Zombie.swift */ = {isa = PBXFileReference; lastKnownFileType = sourcecode.swift; path = Zombie.swift; sourceTree = "<group>"; };
		A099B8432C2EF21000452FD7 /* BucketHeadZombie.swift */ = {isa = PBXFileReference; lastKnownFileType = sourcecode.swift; path = BucketHeadZombie.swift; sourceTree = "<group>"; };
		A099B8472C2EF54500452FD7 /* ZombieBucketHead.usdz */ = {isa = PBXFileReference; lastKnownFileType = file.usdz; name = ZombieBucketHead.usdz; path = ArPlantsFight/Resources/ZombieBucketHead.usdz; sourceTree = SOURCE_ROOT; };
		A099B8492C3C53D700452FD7 /* ModelLoader.swift */ = {isa = PBXFileReference; lastKnownFileType = sourcecode.swift; path = ModelLoader.swift; sourceTree = "<group>"; };
		A099B84B2C3C592400452FD7 /* PlantButton.swift */ = {isa = PBXFileReference; lastKnownFileType = sourcecode.swift; path = PlantButton.swift; sourceTree = "<group>"; };
		A099B84D2C3D1B0D00452FD7 /* Walnut.usdz */ = {isa = PBXFileReference; lastKnownFileType = file.usdz; path = Walnut.usdz; sourceTree = "<group>"; };
		A099B8512C3D246000452FD7 /* LevelView.swift */ = {isa = PBXFileReference; lastKnownFileType = sourcecode.swift; path = LevelView.swift; sourceTree = "<group>"; };
/* End PBXFileReference section */

/* Begin PBXFrameworksBuildPhase section */
		A09390FC2C203B3A009DF760 /* Frameworks */ = {
			isa = PBXFrameworksBuildPhase;
			buildActionMask = 2147483647;
			files = (
			);
			runOnlyForDeploymentPostprocessing = 0;
		};
/* End PBXFrameworksBuildPhase section */

/* Begin PBXGroup section */
		A09390F62C203B3A009DF760 = {
			isa = PBXGroup;
			children = (
				A09391012C203B3A009DF760 /* ArPlantsFight */,
				A09391002C203B3A009DF760 /* Products */,
			);
			sourceTree = "<group>";
		};
		A09391002C203B3A009DF760 /* Products */ = {
			isa = PBXGroup;
			children = (
				A09390FF2C203B3A009DF760 /* ArPlantsFight.app */,
			);
			name = Products;
			sourceTree = "<group>";
		};
		A09391012C203B3A009DF760 /* ArPlantsFight */ = {
			isa = PBXGroup;
			children = (
				A099B8372C2EA4F300452FD7 /* Resources */,
				A09391132C203D43009DF760 /* GameLogic */,
				A09391102C203C33009DF760 /* ArView */,
				A09391022C203B3A009DF760 /* AppDelegate.swift */,
				A09391042C203B3A009DF760 /* ContentView.swift */,
				A09391062C203B3B009DF760 /* Assets.xcassets */,
				A09391082C203B3B009DF760 /* Preview Content */,
				A099B8512C3D246000452FD7 /* LevelView.swift */,
			);
			path = ArPlantsFight;
			sourceTree = "<group>";
		};
		A09391082C203B3B009DF760 /* Preview Content */ = {
			isa = PBXGroup;
			children = (
				A09391092C203B3B009DF760 /* Preview Assets.xcassets */,
			);
			path = "Preview Content";
			sourceTree = "<group>";
		};
		A09391102C203C33009DF760 /* ArView */ = {
			isa = PBXGroup;
			children = (
				A09391112C203CD8009DF760 /* ArView.swift */,
				A09391162C203DEC009DF760 /* ArViewModel.swift */,
				A099B8492C3C53D700452FD7 /* ModelLoader.swift */,
				A099B84B2C3C592400452FD7 /* PlantButton.swift */,
			);
			path = ArView;
			sourceTree = "<group>";
		};
		A09391132C203D43009DF760 /* GameLogic */ = {
			isa = PBXGroup;
			children = (
				A099B8402C2EF12E00452FD7 /* Zombies */,
				A09391182C2C16E4009DF760 /* Plants */,
			);
			path = GameLogic;
			sourceTree = "<group>";
		};
		A09391182C2C16E4009DF760 /* Plants */ = {
			isa = PBXGroup;
			children = (
				A09391192C2C1711009DF760 /* Plant.swift */,
				A093911B2C2C173A009DF760 /* Sunflower.swift */,
				A093911D2C2C186E009DF760 /* Walnut.swift */,
				A093911F2C2C18A2009DF760 /* BasicPlant.swift */,
			);
			path = Plants;
			sourceTree = "<group>";
		};
		A099B8372C2EA4F300452FD7 /* Resources */ = {
			isa = PBXGroup;
			children = (
				A099B8472C2EF54500452FD7 /* ZombieBucketHead.usdz */,
				A099B83C2C2ED44500452FD7 /* Sunflower.usdz */,
				A099B83A2C2EA84400452FD7 /* BasePlant.usdz */,
				A099B8382C2EA51500452FD7 /* BasePlantCM.usdz */,
				A099B84D2C3D1B0D00452FD7 /* Walnut.usdz */,
			);
			path = Resources;
			sourceTree = "<group>";
		};
		A099B8402C2EF12E00452FD7 /* Zombies */ = {
			isa = PBXGroup;
			children = (
				A099B8412C2EF14200452FD7 /* Zombie.swift */,
				A099B8432C2EF21000452FD7 /* BucketHeadZombie.swift */,
			);
			path = Zombies;
			sourceTree = "<group>";
		};
/* End PBXGroup section */

/* Begin PBXNativeTarget section */
		A09390FE2C203B3A009DF760 /* ArPlantsFight */ = {
			isa = PBXNativeTarget;
			buildConfigurationList = A093910D2C203B3B009DF760 /* Build configuration list for PBXNativeTarget "ArPlantsFight" */;
			buildPhases = (
				A09390FB2C203B3A009DF760 /* Sources */,
				A09390FC2C203B3A009DF760 /* Frameworks */,
				A09390FD2C203B3A009DF760 /* Resources */,
			);
			buildRules = (
			);
			dependencies = (
			);
			name = ArPlantsFight;
			productName = ArPlantsFight;
			productReference = A09390FF2C203B3A009DF760 /* ArPlantsFight.app */;
			productType = "com.apple.product-type.application";
		};
/* End PBXNativeTarget section */

/* Begin PBXProject section */
		A09390F72C203B3A009DF760 /* Project object */ = {
			isa = PBXProject;
			attributes = {
				BuildIndependentTargetsInParallel = 1;
				LastSwiftUpdateCheck = 1530;
				LastUpgradeCheck = 1530;
				TargetAttributes = {
					A09390FE2C203B3A009DF760 = {
						CreatedOnToolsVersion = 15.3;
					};
				};
			};
			buildConfigurationList = A09390FA2C203B3A009DF760 /* Build configuration list for PBXProject "ArPlantsFight" */;
			compatibilityVersion = "Xcode 14.0";
			developmentRegion = en;
			hasScannedForEncodings = 0;
			knownRegions = (
				en,
				Base,
			);
			mainGroup = A09390F62C203B3A009DF760;
			productRefGroup = A09391002C203B3A009DF760 /* Products */;
			projectDirPath = "";
			projectRoot = "";
			targets = (
				A09390FE2C203B3A009DF760 /* ArPlantsFight */,
			);
		};
/* End PBXProject section */

/* Begin PBXResourcesBuildPhase section */
		A09390FD2C203B3A009DF760 /* Resources */ = {
			isa = PBXResourcesBuildPhase;
			buildActionMask = 2147483647;
			files = (
				A099B83D2C2ED44500452FD7 /* Sunflower.usdz in Resources */,
				A099B8392C2EA51500452FD7 /* BasePlantCM.usdz in Resources */,
				A099B83B2C2EA84400452FD7 /* BasePlant.usdz in Resources */,
				A099B84E2C3D1B0D00452FD7 /* Walnut.usdz in Resources */,
				A099B8482C2EF54500452FD7 /* ZombieBucketHead.usdz in Resources */,
				A093910A2C203B3B009DF760 /* Preview Assets.xcassets in Resources */,
				A09391072C203B3B009DF760 /* Assets.xcassets in Resources */,
			);
			runOnlyForDeploymentPostprocessing = 0;
		};
/* End PBXResourcesBuildPhase section */

/* Begin PBXSourcesBuildPhase section */
		A09390FB2C203B3A009DF760 /* Sources */ = {
			isa = PBXSourcesBuildPhase;
			buildActionMask = 2147483647;
			files = (
				A09391122C203CD8009DF760 /* ArView.swift in Sources */,
				A09391202C2C18A2009DF760 /* BasicPlant.swift in Sources */,
				A093911A2C2C1711009DF760 /* Plant.swift in Sources */,
				A099B84A2C3C53D700452FD7 /* ModelLoader.swift in Sources */,
				A093911E2C2C186E009DF760 /* Walnut.swift in Sources */,
				A099B8522C3D246000452FD7 /* LevelView.swift in Sources */,
				A099B8442C2EF21000452FD7 /* BucketHeadZombie.swift in Sources */,
				A09391052C203B3A009DF760 /* ContentView.swift in Sources */,
				A099B84C2C3C592400452FD7 /* PlantButton.swift in Sources */,
				A093911C2C2C173A009DF760 /* Sunflower.swift in Sources */,
				A09391032C203B3A009DF760 /* AppDelegate.swift in Sources */,
				A09391172C203DEC009DF760 /* ArViewModel.swift in Sources */,
				A099B8422C2EF14200452FD7 /* Zombie.swift in Sources */,
			);
			runOnlyForDeploymentPostprocessing = 0;
		};
/* End PBXSourcesBuildPhase section */

/* Begin XCBuildConfiguration section */
		A093910B2C203B3B009DF760 /* Debug */ = {
			isa = XCBuildConfiguration;
			buildSettings = {
				ALWAYS_SEARCH_USER_PATHS = NO;
				ASSETCATALOG_COMPILER_GENERATE_SWIFT_ASSET_SYMBOL_EXTENSIONS = YES;
				CLANG_ANALYZER_NONNULL = YES;
				CLANG_ANALYZER_NUMBER_OBJECT_CONVERSION = YES_AGGRESSIVE;
				CLANG_CXX_LANGUAGE_STANDARD = "gnu++20";
				CLANG_ENABLE_MODULES = YES;
				CLANG_ENABLE_OBJC_ARC = YES;
				CLANG_ENABLE_OBJC_WEAK = YES;
				CLANG_WARN_BLOCK_CAPTURE_AUTORELEASING = YES;
				CLANG_WARN_BOOL_CONVERSION = YES;
				CLANG_WARN_COMMA = YES;
				CLANG_WARN_CONSTANT_CONVERSION = YES;
				CLANG_WARN_DEPRECATED_OBJC_IMPLEMENTATIONS = YES;
				CLANG_WARN_DIRECT_OBJC_ISA_USAGE = YES_ERROR;
				CLANG_WARN_DOCUMENTATION_COMMENTS = YES;
				CLANG_WARN_EMPTY_BODY = YES;
				CLANG_WARN_ENUM_CONVERSION = YES;
				CLANG_WARN_INFINITE_RECURSION = YES;
				CLANG_WARN_INT_CONVERSION = YES;
				CLANG_WARN_NON_LITERAL_NULL_CONVERSION = YES;
				CLANG_WARN_OBJC_IMPLICIT_RETAIN_SELF = YES;
				CLANG_WARN_OBJC_LITERAL_CONVERSION = YES;
				CLANG_WARN_OBJC_ROOT_CLASS = YES_ERROR;
				CLANG_WARN_QUOTED_INCLUDE_IN_FRAMEWORK_HEADER = YES;
				CLANG_WARN_RANGE_LOOP_ANALYSIS = YES;
				CLANG_WARN_STRICT_PROTOTYPES = YES;
				CLANG_WARN_SUSPICIOUS_MOVE = YES;
				CLANG_WARN_UNGUARDED_AVAILABILITY = YES_AGGRESSIVE;
				CLANG_WARN_UNREACHABLE_CODE = YES;
				CLANG_WARN__DUPLICATE_METHOD_MATCH = YES;
				COPY_PHASE_STRIP = NO;
				DEBUG_INFORMATION_FORMAT = dwarf;
				ENABLE_STRICT_OBJC_MSGSEND = YES;
				ENABLE_TESTABILITY = YES;
				ENABLE_USER_SCRIPT_SANDBOXING = YES;
				GCC_C_LANGUAGE_STANDARD = gnu17;
				GCC_DYNAMIC_NO_PIC = NO;
				GCC_NO_COMMON_BLOCKS = YES;
				GCC_OPTIMIZATION_LEVEL = 0;
				GCC_PREPROCESSOR_DEFINITIONS = (
					"DEBUG=1",
					"$(inherited)",
				);
				GCC_WARN_64_TO_32_BIT_CONVERSION = YES;
				GCC_WARN_ABOUT_RETURN_TYPE = YES_ERROR;
				GCC_WARN_UNDECLARED_SELECTOR = YES;
				GCC_WARN_UNINITIALIZED_AUTOS = YES_AGGRESSIVE;
				GCC_WARN_UNUSED_FUNCTION = YES;
				GCC_WARN_UNUSED_VARIABLE = YES;
				IPHONEOS_DEPLOYMENT_TARGET = 17.4;
				LOCALIZATION_PREFERS_STRING_CATALOGS = YES;
				MTL_ENABLE_DEBUG_INFO = INCLUDE_SOURCE;
				MTL_FAST_MATH = YES;
				ONLY_ACTIVE_ARCH = YES;
				SDKROOT = iphoneos;
				SWIFT_ACTIVE_COMPILATION_CONDITIONS = "DEBUG $(inherited)";
				SWIFT_OPTIMIZATION_LEVEL = "-Onone";
			};
			name = Debug;
		};
		A093910C2C203B3B009DF760 /* Release */ = {
			isa = XCBuildConfiguration;
			buildSettings = {
				ALWAYS_SEARCH_USER_PATHS = NO;
				ASSETCATALOG_COMPILER_GENERATE_SWIFT_ASSET_SYMBOL_EXTENSIONS = YES;
				CLANG_ANALYZER_NONNULL = YES;
				CLANG_ANALYZER_NUMBER_OBJECT_CONVERSION = YES_AGGRESSIVE;
				CLANG_CXX_LANGUAGE_STANDARD = "gnu++20";
				CLANG_ENABLE_MODULES = YES;
				CLANG_ENABLE_OBJC_ARC = YES;
				CLANG_ENABLE_OBJC_WEAK = YES;
				CLANG_WARN_BLOCK_CAPTURE_AUTORELEASING = YES;
				CLANG_WARN_BOOL_CONVERSION = YES;
				CLANG_WARN_COMMA = YES;
				CLANG_WARN_CONSTANT_CONVERSION = YES;
				CLANG_WARN_DEPRECATED_OBJC_IMPLEMENTATIONS = YES;
				CLANG_WARN_DIRECT_OBJC_ISA_USAGE = YES_ERROR;
				CLANG_WARN_DOCUMENTATION_COMMENTS = YES;
				CLANG_WARN_EMPTY_BODY = YES;
				CLANG_WARN_ENUM_CONVERSION = YES;
				CLANG_WARN_INFINITE_RECURSION = YES;
				CLANG_WARN_INT_CONVERSION = YES;
				CLANG_WARN_NON_LITERAL_NULL_CONVERSION = YES;
				CLANG_WARN_OBJC_IMPLICIT_RETAIN_SELF = YES;
				CLANG_WARN_OBJC_LITERAL_CONVERSION = YES;
				CLANG_WARN_OBJC_ROOT_CLASS = YES_ERROR;
				CLANG_WARN_QUOTED_INCLUDE_IN_FRAMEWORK_HEADER = YES;
				CLANG_WARN_RANGE_LOOP_ANALYSIS = YES;
				CLANG_WARN_STRICT_PROTOTYPES = YES;
				CLANG_WARN_SUSPICIOUS_MOVE = YES;
				CLANG_WARN_UNGUARDED_AVAILABILITY = YES_AGGRESSIVE;
				CLANG_WARN_UNREACHABLE_CODE = YES;
				CLANG_WARN__DUPLICATE_METHOD_MATCH = YES;
				COPY_PHASE_STRIP = NO;
				DEBUG_INFORMATION_FORMAT = "dwarf-with-dsym";
				ENABLE_NS_ASSERTIONS = NO;
				ENABLE_STRICT_OBJC_MSGSEND = YES;
				ENABLE_USER_SCRIPT_SANDBOXING = YES;
				GCC_C_LANGUAGE_STANDARD = gnu17;
				GCC_NO_COMMON_BLOCKS = YES;
				GCC_WARN_64_TO_32_BIT_CONVERSION = YES;
				GCC_WARN_ABOUT_RETURN_TYPE = YES_ERROR;
				GCC_WARN_UNDECLARED_SELECTOR = YES;
				GCC_WARN_UNINITIALIZED_AUTOS = YES_AGGRESSIVE;
				GCC_WARN_UNUSED_FUNCTION = YES;
				GCC_WARN_UNUSED_VARIABLE = YES;
				IPHONEOS_DEPLOYMENT_TARGET = 17.4;
				LOCALIZATION_PREFERS_STRING_CATALOGS = YES;
				MTL_ENABLE_DEBUG_INFO = NO;
				MTL_FAST_MATH = YES;
				SDKROOT = iphoneos;
				SWIFT_COMPILATION_MODE = wholemodule;
				VALIDATE_PRODUCT = YES;
			};
			name = Release;
		};
		A093910E2C203B3B009DF760 /* Debug */ = {
			isa = XCBuildConfiguration;
			buildSettings = {
				ASSETCATALOG_COMPILER_APPICON_NAME = AppIcon;
				ASSETCATALOG_COMPILER_GLOBAL_ACCENT_COLOR_NAME = AccentColor;
				CODE_SIGN_STYLE = Automatic;
				CURRENT_PROJECT_VERSION = 1;
				DEVELOPMENT_ASSET_PATHS = "\"ArPlantsFight/Preview Content\"";
				DEVELOPMENT_TEAM = 2CZTZG99CX;
				ENABLE_PREVIEWS = YES;
				GENERATE_INFOPLIST_FILE = YES;
				INFOPLIST_KEY_NSCameraUsageDescription = "";
				INFOPLIST_KEY_UIApplicationSupportsIndirectInputEvents = YES;
				INFOPLIST_KEY_UILaunchScreen_Generation = YES;
				INFOPLIST_KEY_UIRequiredDeviceCapabilities = arkit;
				INFOPLIST_KEY_UIStatusBarHidden = YES;
				INFOPLIST_KEY_UISupportedInterfaceOrientations_iPad = "UIInterfaceOrientationPortrait UIInterfaceOrientationPortraitUpsideDown UIInterfaceOrientationLandscapeLeft UIInterfaceOrientationLandscapeRight";
				INFOPLIST_KEY_UISupportedInterfaceOrientations_iPhone = "UIInterfaceOrientationPortrait UIInterfaceOrientationLandscapeLeft UIInterfaceOrientationLandscapeRight";
				IPHONEOS_DEPLOYMENT_TARGET = 17.0;
				LD_RUNPATH_SEARCH_PATHS = (
					"$(inherited)",
					"@executable_path/Frameworks",
				);
				MARKETING_VERSION = 1.0;
				PRODUCT_BUNDLE_IDENTIFIER = com.ramonaeckert.ArPlantsFights;
				PRODUCT_NAME = "$(TARGET_NAME)";
				SWIFT_EMIT_LOC_STRINGS = YES;
				SWIFT_VERSION = 5.0;
				TARGETED_DEVICE_FAMILY = "1,2";
			};
			name = Debug;
		};
		A093910F2C203B3B009DF760 /* Release */ = {
			isa = XCBuildConfiguration;
			buildSettings = {
				ASSETCATALOG_COMPILER_APPICON_NAME = AppIcon;
				ASSETCATALOG_COMPILER_GLOBAL_ACCENT_COLOR_NAME = AccentColor;
				CODE_SIGN_STYLE = Automatic;
				CURRENT_PROJECT_VERSION = 1;
				DEVELOPMENT_ASSET_PATHS = "\"ArPlantsFight/Preview Content\"";
				DEVELOPMENT_TEAM = 2CZTZG99CX;
				ENABLE_PREVIEWS = YES;
				GENERATE_INFOPLIST_FILE = YES;
				INFOPLIST_KEY_NSCameraUsageDescription = "";
				INFOPLIST_KEY_UIApplicationSupportsIndirectInputEvents = YES;
				INFOPLIST_KEY_UILaunchScreen_Generation = YES;
				INFOPLIST_KEY_UIRequiredDeviceCapabilities = arkit;
				INFOPLIST_KEY_UIStatusBarHidden = YES;
				INFOPLIST_KEY_UISupportedInterfaceOrientations_iPad = "UIInterfaceOrientationPortrait UIInterfaceOrientationPortraitUpsideDown UIInterfaceOrientationLandscapeLeft UIInterfaceOrientationLandscapeRight";
				INFOPLIST_KEY_UISupportedInterfaceOrientations_iPhone = "UIInterfaceOrientationPortrait UIInterfaceOrientationLandscapeLeft UIInterfaceOrientationLandscapeRight";
				IPHONEOS_DEPLOYMENT_TARGET = 17.0;
				LD_RUNPATH_SEARCH_PATHS = (
					"$(inherited)",
					"@executable_path/Frameworks",
				);
				MARKETING_VERSION = 1.0;
				PRODUCT_BUNDLE_IDENTIFIER = com.ramonaeckert.ArPlantsFights;
				PRODUCT_NAME = "$(TARGET_NAME)";
				SWIFT_EMIT_LOC_STRINGS = YES;
				SWIFT_VERSION = 5.0;
				TARGETED_DEVICE_FAMILY = "1,2";
			};
			name = Release;
		};
/* End XCBuildConfiguration section */

/* Begin XCConfigurationList section */
		A09390FA2C203B3A009DF760 /* Build configuration list for PBXProject "ArPlantsFight" */ = {
			isa = XCConfigurationList;
			buildConfigurations = (
				A093910B2C203B3B009DF760 /* Debug */,
				A093910C2C203B3B009DF760 /* Release */,
			);
			defaultConfigurationIsVisible = 0;
			defaultConfigurationName = Release;
		};
		A093910D2C203B3B009DF760 /* Build configuration list for PBXNativeTarget "ArPlantsFight" */ = {
			isa = XCConfigurationList;
			buildConfigurations = (
				A093910E2C203B3B009DF760 /* Debug */,
				A093910F2C203B3B009DF760 /* Release */,
			);
			defaultConfigurationIsVisible = 0;
			defaultConfigurationName = Release;
		};
/* End XCConfigurationList section */
	};
	rootObject = A09390F72C203B3A009DF760 /* Project object */;
}
